
Microsoft Visual Studio Solution File, Format Version 12.00
# Visual Studio Version 17
VisualStudioVersion = 17.6.33723.286
MinimumVisualStudioVersion = 10.0.40219.1
Project("{FAE04EC0-301F-11D3-BF4B-00C04F79EFBC}") = "V2_BD", "V2_BD\V2_BD.csproj", "{042996D9-6918-4D65-B6A4-DA90B39FEA3C}"
EndProject
Global
	GlobalSection(SolutionConfigurationPlatforms) = preSolution
		Debug|Any CPU = Debug|Any CPU
		Release|Any CPU = Release|Any CPU
	EndGlobalSection
	GlobalSection(ProjectConfigurationPlatforms) = postSolution
		{042996D9-6918-4D65-B6A4-DA90B39FEA3C}.Debug|Any CPU.ActiveCfg = Debug|Any CPU
		{042996D9-6918-4D65-B6A4-DA90B39FEA3C}.Debug|Any CPU.Build.0 = Debug|Any CPU
		{042996D9-6918-4D65-B6A4-DA90B39FEA3C}.Release|Any CPU.ActiveCfg = Release|Any CPU
		{042996D9-6918-4D65-B6A4-DA90B39FEA3C}.Release|Any CPU.Build.0 = Release|Any CPU
	EndGlobalSection
	GlobalSection(SolutionProperties) = preSolution
		HideSolutionNode = FALSE
	EndGlobalSection
	GlobalSection(ExtensibilityGlobals) = postSolution
		SolutionGuid = {7A3F1E34-5579-4DC6-8786-F3FF38154A98}
	EndGlobalSection
EndGlobal
